
Microsoft Visual Studio Solution File, Format Version 12.00
# Visual Studio Version 16
VisualStudioVersion = 25.0.1705.0
MinimumVisualStudioVersion = 10.0.40219.1
Project("{FAE04EC0-301F-11D3-BF4B-00C04F79EFBC}") = "Carpool.API", "Carpool.API.csproj", "{0670879D-2D33-45A0-BD51-B633F4983E81}"
EndProject
Project("{FAE04EC0-301F-11D3-BF4B-00C04F79EFBC}") = "Carpool.Data", "..\Carpool.Data\Carpool.Data.csproj", "{5D463FF3-8154-486B-A575-09F71C1ED43C}"
EndProject
Project("{FAE04EC0-301F-11D3-BF4B-00C04F79EFBC}") = "Carpool.Services", "..\Carpool.Services\Carpool.Services.csproj", "{6B9702A0-A175-4B5A-88D4-04BE20A95F85}"
EndProject
Project("{FAE04EC0-301F-11D3-BF4B-00C04F79EFBC}") = "Carpool.Utilities", "..\Carpool.Utilities\Carpool.Utilities.csproj", "{DCB615BD-53D1-4702-800D-1E5D794B5E7E}"
EndProject
Project("{FAE04EC0-301F-11D3-BF4B-00C04F79EFBC}") = "Carpool.Models", "..\Carpool.Models\Carpool.Models.csproj", "{5D40EE73-BA01-43EC-A160-EAC8D8B1E43B}"
EndProject
Global
	GlobalSection(SolutionConfigurationPlatforms) = preSolution
		Debug|Any CPU = Debug|Any CPU
		Release|Any CPU = Release|Any CPU
	EndGlobalSection
	GlobalSection(ProjectConfigurationPlatforms) = postSolution
		{0670879D-2D33-45A0-BD51-B633F4983E81}.Debug|Any CPU.ActiveCfg = Debug|Any CPU
		{0670879D-2D33-45A0-BD51-B633F4983E81}.Debug|Any CPU.Build.0 = Debug|Any CPU
		{0670879D-2D33-45A0-BD51-B633F4983E81}.Release|Any CPU.ActiveCfg = Release|Any CPU
		{0670879D-2D33-45A0-BD51-B633F4983E81}.Release|Any CPU.Build.0 = Release|Any CPU
		{5D463FF3-8154-486B-A575-09F71C1ED43C}.Debug|Any CPU.ActiveCfg = Debug|Any CPU
		{5D463FF3-8154-486B-A575-09F71C1ED43C}.Debug|Any CPU.Build.0 = Debug|Any CPU
		{5D463FF3-8154-486B-A575-09F71C1ED43C}.Release|Any CPU.ActiveCfg = Release|Any CPU
		{5D463FF3-8154-486B-A575-09F71C1ED43C}.Release|Any CPU.Build.0 = Release|Any CPU
		{6B9702A0-A175-4B5A-88D4-04BE20A95F85}.Debug|Any CPU.ActiveCfg = Debug|Any CPU
		{6B9702A0-A175-4B5A-88D4-04BE20A95F85}.Debug|Any CPU.Build.0 = Debug|Any CPU
		{6B9702A0-A175-4B5A-88D4-04BE20A95F85}.Release|Any CPU.ActiveCfg = Release|Any CPU
		{6B9702A0-A175-4B5A-88D4-04BE20A95F85}.Release|Any CPU.Build.0 = Release|Any CPU
		{DCB615BD-53D1-4702-800D-1E5D794B5E7E}.Debug|Any CPU.ActiveCfg = Debug|Any CPU
		{DCB615BD-53D1-4702-800D-1E5D794B5E7E}.Debug|Any CPU.Build.0 = Debug|Any CPU
		{DCB615BD-53D1-4702-800D-1E5D794B5E7E}.Release|Any CPU.ActiveCfg = Release|Any CPU
		{DCB615BD-53D1-4702-800D-1E5D794B5E7E}.Release|Any CPU.Build.0 = Release|Any CPU
		{5D40EE73-BA01-43EC-A160-EAC8D8B1E43B}.Debug|Any CPU.ActiveCfg = Debug|Any CPU
		{5D40EE73-BA01-43EC-A160-EAC8D8B1E43B}.Debug|Any CPU.Build.0 = Debug|Any CPU
		{5D40EE73-BA01-43EC-A160-EAC8D8B1E43B}.Release|Any CPU.ActiveCfg = Release|Any CPU
		{5D40EE73-BA01-43EC-A160-EAC8D8B1E43B}.Release|Any CPU.Build.0 = Release|Any CPU
	EndGlobalSection
	GlobalSection(SolutionProperties) = preSolution
		HideSolutionNode = FALSE
	EndGlobalSection
	GlobalSection(ExtensibilityGlobals) = postSolution
		SolutionGuid = {8C5B895F-1FD7-48BD-A4CF-05FE0620DBD8}
	EndGlobalSection
EndGlobal
